
Microsoft Visual Studio Solution File, Format Version 12.00
# Visual Studio Version 17
VisualStudioVersion = 17.5.002.0
MinimumVisualStudioVersion = 10.0.40219.1
Project("{9A19103F-16F7-4668-BE54-9A1E7A4F7556}") = "kite", "kite.csproj", "{98B6266B-57B3-4103-AFC6-11513CFD5A37}"
EndProject
Global
	GlobalSection(SolutionConfigurationPlatforms) = preSolution
		Debug|Any CPU = Debug|Any CPU
		Release|Any CPU = Release|Any CPU
	EndGlobalSection
	GlobalSection(ProjectConfigurationPlatforms) = postSolution
		{98B6266B-57B3-4103-AFC6-11513CFD5A37}.Debug|Any CPU.ActiveCfg = Debug|Any CPU
		{98B6266B-57B3-4103-AFC6-11513CFD5A37}.Debug|Any CPU.Build.0 = Debug|Any CPU
		{98B6266B-57B3-4103-AFC6-11513CFD5A37}.Release|Any CPU.ActiveCfg = Release|Any CPU
		{98B6266B-57B3-4103-AFC6-11513CFD5A37}.Release|Any CPU.Build.0 = Release|Any CPU
	EndGlobalSection
	GlobalSection(SolutionProperties) = preSolution
		HideSolutionNode = FALSE
	EndGlobalSection
	GlobalSection(ExtensibilityGlobals) = postSolution
		SolutionGuid = {880357FC-3A0B-4530-86FE-97FC5411B169}
	EndGlobalSection
EndGlobal
